
Microsoft Visual Studio Solution File, Format Version 12.00
# Visual Studio Version 17
VisualStudioVersion = 17.0.31912.275
MinimumVisualStudioVersion = 10.0.40219.1
Project("{FAE04EC0-301F-11D3-BF4B-00C04F79EFBC}") = "LegoPartsRegister.Api", "LegoPartsRegister.Api\LegoPartsRegister.Api.csproj", "{E04275E2-2951-4A4A-88E6-23F423FA880D}"
EndProject
Project("{FAE04EC0-301F-11D3-BF4B-00C04F79EFBC}") = "LegoPartsRegister.Data", "LegoPartsRegister.Data\LegoPartsRegister.Data.csproj", "{7EE81511-CAF8-4A13-B03D-7B6ABA826A25}"
EndProject
Project("{FAE04EC0-301F-11D3-BF4B-00C04F79EFBC}") = "LegoPartsRegister.Migrations.Pg", "LegoPartsRegister.Migrations.Pg\LegoPartsRegister.Migrations.Pg.csproj", "{8108C742-91A3-488A-999F-C1C4CCF10589}"
EndProject
Global
	GlobalSection(SolutionConfigurationPlatforms) = preSolution
		Debug|Any CPU = Debug|Any CPU
		Release|Any CPU = Release|Any CPU
	EndGlobalSection
	GlobalSection(ProjectConfigurationPlatforms) = postSolution
		{E04275E2-2951-4A4A-88E6-23F423FA880D}.Debug|Any CPU.ActiveCfg = Debug|Any CPU
		{E04275E2-2951-4A4A-88E6-23F423FA880D}.Debug|Any CPU.Build.0 = Debug|Any CPU
		{E04275E2-2951-4A4A-88E6-23F423FA880D}.Release|Any CPU.ActiveCfg = Release|Any CPU
		{E04275E2-2951-4A4A-88E6-23F423FA880D}.Release|Any CPU.Build.0 = Release|Any CPU
		{7EE81511-CAF8-4A13-B03D-7B6ABA826A25}.Debug|Any CPU.ActiveCfg = Debug|Any CPU
		{7EE81511-CAF8-4A13-B03D-7B6ABA826A25}.Debug|Any CPU.Build.0 = Debug|Any CPU
		{7EE81511-CAF8-4A13-B03D-7B6ABA826A25}.Release|Any CPU.ActiveCfg = Release|Any CPU
		{7EE81511-CAF8-4A13-B03D-7B6ABA826A25}.Release|Any CPU.Build.0 = Release|Any CPU
		{8108C742-91A3-488A-999F-C1C4CCF10589}.Debug|Any CPU.ActiveCfg = Debug|Any CPU
		{8108C742-91A3-488A-999F-C1C4CCF10589}.Debug|Any CPU.Build.0 = Debug|Any CPU
		{8108C742-91A3-488A-999F-C1C4CCF10589}.Release|Any CPU.ActiveCfg = Release|Any CPU
		{8108C742-91A3-488A-999F-C1C4CCF10589}.Release|Any CPU.Build.0 = Release|Any CPU
	EndGlobalSection
	GlobalSection(SolutionProperties) = preSolution
		HideSolutionNode = FALSE
	EndGlobalSection
	GlobalSection(ExtensibilityGlobals) = postSolution
		SolutionGuid = {4353195B-BA65-4402-8E7B-35E54591183E}
	EndGlobalSection
EndGlobal
